
Microsoft Visual Studio Solution File, Format Version 12.00
# Visual Studio Version 17
VisualStudioVersion = 17.13.35825.156 d17.13
MinimumVisualStudioVersion = 10.0.40219.1
Project("{FAE04EC0-301F-11D3-BF4B-00C04F79EFBC}") = "generic_type", "generic_type.csproj", "{B02D2B59-375E-4BD4-B584-35D06826850E}"
EndProject
Global
	GlobalSection(SolutionConfigurationPlatforms) = preSolution
		Debug|Any CPU = Debug|Any CPU
		Release|Any CPU = Release|Any CPU
	EndGlobalSection
	GlobalSection(ProjectConfigurationPlatforms) = postSolution
		{B02D2B59-375E-4BD4-B584-35D06826850E}.Debug|Any CPU.ActiveCfg = Debug|Any CPU
		{B02D2B59-375E-4BD4-B584-35D06826850E}.Debug|Any CPU.Build.0 = Debug|Any CPU
		{B02D2B59-375E-4BD4-B584-35D06826850E}.Release|Any CPU.ActiveCfg = Release|Any CPU
		{B02D2B59-375E-4BD4-B584-35D06826850E}.Release|Any CPU.Build.0 = Release|Any CPU
	EndGlobalSection
	GlobalSection(SolutionProperties) = preSolution
		HideSolutionNode = FALSE
	EndGlobalSection
	GlobalSection(ExtensibilityGlobals) = postSolution
		SolutionGuid = {CF28F30E-298F-4DBD-9D65-3C44E13A5890}
	EndGlobalSection
EndGlobal
