
Microsoft Visual Studio Solution File, Format Version 12.00
# Visual Studio Version 17
VisualStudioVersion = 17.13.35825.156 d17.13
MinimumVisualStudioVersion = 10.0.40219.1
Project("{FAE04EC0-301F-11D3-BF4B-00C04F79EFBC}") = "RecursiveMethods", "RecursiveMethods.csproj", "{9AA7F71A-4216-4F40-B870-7DF43E3AAB65}"
EndProject
Global
	GlobalSection(SolutionConfigurationPlatforms) = preSolution
		Debug|Any CPU = Debug|Any CPU
		Release|Any CPU = Release|Any CPU
	EndGlobalSection
	GlobalSection(ProjectConfigurationPlatforms) = postSolution
		{9AA7F71A-4216-4F40-B870-7DF43E3AAB65}.Debug|Any CPU.ActiveCfg = Debug|Any CPU
		{9AA7F71A-4216-4F40-B870-7DF43E3AAB65}.Debug|Any CPU.Build.0 = Debug|Any CPU
		{9AA7F71A-4216-4F40-B870-7DF43E3AAB65}.Release|Any CPU.ActiveCfg = Release|Any CPU
		{9AA7F71A-4216-4F40-B870-7DF43E3AAB65}.Release|Any CPU.Build.0 = Release|Any CPU
	EndGlobalSection
	GlobalSection(SolutionProperties) = preSolution
		HideSolutionNode = FALSE
	EndGlobalSection
	GlobalSection(ExtensibilityGlobals) = postSolution
		SolutionGuid = {33881590-A0EE-4C85-ABB3-CC258C3594FF}
	EndGlobalSection
EndGlobal
